# This file was autogenerated by Stack.
# You should not edit this file by hand.
# For more information, please see the documentation at:
#   https://docs.haskellstack.org/en/stable/lock_files

packages:
- completed:
    hackage: polysemy-plugin-0.3.0.0@sha256:22e7553d0fddb48d9484ba1c71d2ed825213fcb214866d9b502ee02bfb960cb4,3121
    pantry-tree:
      size: 1162
      sha256: 8d0bbea846d4410b769687daa8595ff1349efd02c1ab528a857883388dd2db45
  original:
    hackage: polysemy-plugin-0.3.0.0
snapshots:
- completed:
    size: 533252
    url: https://raw.githubusercontent.com/commercialhaskell/stackage-snapshots/master/lts/16/27.yaml
    sha256: c2aaae52beeacf6a5727c1010f50e89d03869abfab6d2c2658ade9da8ed50c73
  original: lts-16.27
